PODS:
  - Alamofire (5.7.1)
  - AppAuth (1.6.2):
    - AppAuth/Core (= 1.6.2)
    - AppAuth/ExternalUserAgent (= 1.6.2)
  - AppAuth/Core (1.6.2)
  - AppAuth/ExternalUserAgent (1.6.2):
    - AppAuth/Core
  - GoogleSignIn (7.0.0):
    - AppAuth (~> 1.5)
    - GTMAppAuth (< 3.0, >= 1.3)
    - GTMSessionFetcher/Core (< 4.0, >= 1.1)
  - GoogleSignInSwiftSupport (7.0.0):
    - GoogleSignIn (~> 7.0)
  - GTMAppAuth (2.0.0):
    - AppAuth/Core (~> 1.6)
    - GTMSessionFetcher/Core (< 4.0, >= 1.5)
  - GTMSessionFetcher/Core (3.1.1)
  - KakaoMapsSDK (2.10.4)
  - KakaoSDKAuth (2.21.1):
    - KakaoSDKCommon (= 2.21.1)
  - KakaoSDKCommon (2.21.1):
    - KakaoSDKCommon/Common (= 2.21.1)
    - KakaoSDKCommon/Network (= 2.21.1)
  - KakaoSDKCommon/Common (2.21.1)
  - KakaoSDKCommon/Network (2.21.1):
    - Alamofire (~> 5.1)
    - KakaoSDKCommon/Common (= 2.21.1)
  - KakaoSDKUser (2.21.1):
    - KakaoSDKAuth (= 2.21.1)
  - Kingfisher (7.9.0)
  - SnapKit (5.7.1)
  - SwiftyJSON (4.3.0)

DEPENDENCIES:
  - Alamofire
  - GoogleSignIn
  - GoogleSignInSwiftSupport
  - KakaoMapsSDK
  - KakaoSDKAuth
  - KakaoSDKUser
  - Kingfisher (~> 7.0)
  - SnapKit (~> 5.7.0)
  - SwiftyJSON (~> 4.0)

SPEC REPOS:
  trunk:
    - Alamofire
    - AppAuth
    - GoogleSignIn
    - GoogleSignInSwiftSupport
    - GTMAppAuth
    - GTMSessionFetcher
    - KakaoMapsSDK
    - KakaoSDKAuth
    - KakaoSDKCommon
    - KakaoSDKUser
    - Kingfisher
    - SnapKit
    - SwiftyJSON

SPEC CHECKSUMS:
  Alamofire: 0123a34370cb170936ae79a8df46cc62b2edeb88
  AppAuth: 3bb1d1cd9340bd09f5ed189fb00b1cc28e1e8570
  GoogleSignIn: b232380cf495a429b8095d3178a8d5855b42e842
  GoogleSignInSwiftSupport: 6ca6e5a978faa4cd43451b6b9b38b96ab5db1734
  GTMAppAuth: 99fb010047ba3973b7026e45393f51f27ab965ae
  GTMSessionFetcher: e8647203b65cee28c5f73d0f473d096653945e72
  KakaoMapsSDK: 6ceb9740762945bcefb1cdb61123e48abf6e6a5d
  KakaoSDKAuth: 28343159dd60ee9bbb61ff25d45d9769fcef6b8c
  KakaoSDKCommon: 7938fce8e5ba3e73490f1928e55b20b510a0685b
  KakaoSDKUser: 35608bb49bbc644f507561d8b8a33dec1c5eb360
  Kingfisher: 59f908b6d2f403b0a3e539debb0eec05cb27002c
  SnapKit: d612e99e678a2d3b95bf60b0705ed0a35c03484a
  SwiftyJSON: 6faa0040f8b59dead0ee07436cbf76b73c08fd08

PODFILE CHECKSUM: 8022639f7b76379c7a6119e2ca4aeb46f30d2745

COCOAPODS: 1.12.1
