PODS:
  - Alamofire (5.9.1)
  - AppAuth (1.7.5):
    - AppAuth/Core (= 1.7.5)
    - AppAuth/ExternalUserAgent (= 1.7.5)
  - AppAuth/Core (1.7.5)
  - AppAuth/ExternalUserAgent (1.7.5):
    - AppAuth/Core
  - GoogleSignIn (7.1.0):
    - AppAuth (< 2.0, >= 1.7.3)
    - GTMAppAuth (< 5.0, >= 4.1.1)
    - GTMSessionFetcher/Core (~> 3.3)
  - GoogleSignInSwiftSupport (7.1.0):
    - GoogleSignIn (~> 7.1)
  - GTMAppAuth (4.1.1):
    - AppAuth/Core (~> 1.7)
    - GTMSessionFetcher/Core (< 4.0, >= 3.3)
  - GTMSessionFetcher/Core (3.4.1)
  - KakaoMapsSDK (2.10.4)
  - KakaoSDKAuth (2.22.1):
    - KakaoSDKCommon (= 2.22.1)
  - KakaoSDKCommon (2.22.1):
    - KakaoSDKCommon/Common (= 2.22.1)
    - KakaoSDKCommon/Network (= 2.22.1)
  - KakaoSDKCommon/Common (2.22.1)
  - KakaoSDKCommon/Network (2.22.1):
    - Alamofire (~> 5.9.0)
    - KakaoSDKCommon/Common (= 2.22.1)
  - KakaoSDKUser (2.22.1):
    - KakaoSDKAuth (= 2.22.1)
  - Kingfisher (7.11.0)
  - SnapKit (5.7.1)
  - SwiftyJSON (4.3.0)

DEPENDENCIES:
  - Alamofire
  - GoogleSignIn
  - GoogleSignInSwiftSupport
  - KakaoMapsSDK
  - KakaoSDKAuth
  - KakaoSDKUser
  - Kingfisher (~> 7.0)
  - SnapKit (~> 5.7.0)
  - SwiftyJSON (~> 4.0)

SPEC REPOS:
  trunk:
    - Alamofire
    - AppAuth
    - GoogleSignIn
    - GoogleSignInSwiftSupport
    - GTMAppAuth
    - GTMSessionFetcher
    - KakaoMapsSDK
    - KakaoSDKAuth
    - KakaoSDKCommon
    - KakaoSDKUser
    - Kingfisher
    - SnapKit
    - SwiftyJSON

SPEC CHECKSUMS:
  Alamofire: f36a35757af4587d8e4f4bfa223ad10be2422b8c
  AppAuth: 501c04eda8a8d11f179dbe8637b7a91bb7e5d2fa
  GoogleSignIn: d4281ab6cf21542b1cfaff85c191f230b399d2db
  GoogleSignInSwiftSupport: bbbd5afe90c9e22e91d2fa5a55498e00e3227cef
  GTMAppAuth: f69bd07d68cd3b766125f7e072c45d7340dea0de
  GTMSessionFetcher: 8000756fc1c19d2e5697b90311f7832d2e33f6cd
  KakaoMapsSDK: 6ceb9740762945bcefb1cdb61123e48abf6e6a5d
  KakaoSDKAuth: 347f1e6bf455689c81fb4eee3c9e02b622016fb4
  KakaoSDKCommon: 596436353cec3865eb1475ecea1a7259d881c5ac
  KakaoSDKUser: 31c3aaa36d32bd77f9a5acbe371e174b85a10a91
  Kingfisher: b9c985d864d43515f404f1ef4a8ce7d802ace3ac
  SnapKit: d612e99e678a2d3b95bf60b0705ed0a35c03484a
  SwiftyJSON: 6faa0040f8b59dead0ee07436cbf76b73c08fd08

PODFILE CHECKSUM: 8022639f7b76379c7a6119e2ca4aeb46f30d2745

COCOAPODS: 1.15.2
