// !$*UTF8*$!
{
	archiveVersion = 1;
	classes = {
	};
	objectVersion = 56;
	objects = {

/* Begin PBXBuildFile section */
		4E24977D2C174F0A00851D9D /* ScannerView.swift in Sources */ = {isa = PBXBuildFile; fileRef = 4E24977C2C174F0A00851D9D /* ScannerView.swift */; };
		4E2497802C17E2C800851D9D /* SignUpEmailView.swift in Sources */ = {isa = PBXBuildFile; fileRef = 4E24977F2C17E2C800851D9D /* SignUpEmailView.swift */; };
		4E2497822C17E30700851D9D /* SignUpUserInfoView.swift in Sources */ = {isa = PBXBuildFile; fileRef = 4E2497812C17E30700851D9D /* SignUpUserInfoView.swift */; };
		4E2497842C17E85900851D9D /* RecommendCardView.swift in Sources */ = {isa = PBXBuildFile; fileRef = 4E2497832C17E85900851D9D /* RecommendCardView.swift */; };
		4E2497872C17EC0C00851D9D /* MyInfoView.swift in Sources */ = {isa = PBXBuildFile; fileRef = 4E2497862C17EC0C00851D9D /* MyInfoView.swift */; };
		4E24978A2C19228400851D9D /* ChallengeView.swift in Sources */ = {isa = PBXBuildFile; fileRef = 4E2497892C19228400851D9D /* ChallengeView.swift */; };
		4E24978C2C19252600851D9D /* ChallengeCell.swift in Sources */ = {isa = PBXBuildFile; fileRef = 4E24978B2C19252600851D9D /* ChallengeCell.swift */; };
		4E24978E2C192BAB00851D9D /* ChallengeDetailView.swift in Sources */ = {isa = PBXBuildFile; fileRef = 4E24978D2C192BAB00851D9D /* ChallengeDetailView.swift */; };
		4E2497912C1A70B700851D9D /* PointShopView.swift in Sources */ = {isa = PBXBuildFile; fileRef = 4E2497902C1A70B700851D9D /* PointShopView.swift */; };
		4E2497932C1A758000851D9D /* PurchaseView.swift in Sources */ = {isa = PBXBuildFile; fileRef = 4E2497922C1A758000851D9D /* PurchaseView.swift */; };
		4E2497952C1A7DA900851D9D /* PurchaseCell.swift in Sources */ = {isa = PBXBuildFile; fileRef = 4E2497942C1A7DA900851D9D /* PurchaseCell.swift */; };
		4E2497992C1A80A500851D9D /* PurchaseGifticonView.swift in Sources */ = {isa = PBXBuildFile; fileRef = 4E2497982C1A80A500851D9D /* PurchaseGifticonView.swift */; };
		4E24979B2C1BC2D100851D9D /* PayService.swift in Sources */ = {isa = PBXBuildFile; fileRef = 4E24979A2C1BC2D100851D9D /* PayService.swift */; };
		4E24979D2C1BC7A500851D9D /* PayCard.swift in Sources */ = {isa = PBXBuildFile; fileRef = 4E24979C2C1BC7A500851D9D /* PayCard.swift */; };
		4E24979F2C1BD19600851D9D /* PlaceInfoViewModel.swift in Sources */ = {isa = PBXBuildFile; fileRef = 4E24979E2C1BD19600851D9D /* PlaceInfoViewModel.swift */; };
		4E2497A12C211A6000851D9D /* QRPayViewModel.swift in Sources */ = {isa = PBXBuildFile; fileRef = 4E2497A02C211A6000851D9D /* QRPayViewModel.swift */; };
		4E2497A32C21225800851D9D /* OwnerPayService.swift in Sources */ = {isa = PBXBuildFile; fileRef = 4E2497A22C21225800851D9D /* OwnerPayService.swift */; };
		4E2497A52C22657A00851D9D /* ScannerViewModel.swift in Sources */ = {isa = PBXBuildFile; fileRef = 4E2497A42C22657A00851D9D /* ScannerViewModel.swift */; };
		4E2497A72C2269CD00851D9D /* PaymentInfo.swift in Sources */ = {isa = PBXBuildFile; fileRef = 4E2497A62C2269CD00851D9D /* PaymentInfo.swift */; };
		4E2497A92C23B18C00851D9D /* CardPaymentInfoView.swift in Sources */ = {isa = PBXBuildFile; fileRef = 4E2497A82C23B18C00851D9D /* CardPaymentInfoView.swift */; };
		4E2497AB2C25ABFC00851D9D /* PaymentInfoCell.swift in Sources */ = {isa = PBXBuildFile; fileRef = 4E2497AA2C25ABFC00851D9D /* PaymentInfoCell.swift */; };
		4E2497AE2C25AFC500851D9D /* CardPaymentInfoViewModel.swift in Sources */ = {isa = PBXBuildFile; fileRef = 4E2497AD2C25AFC500851D9D /* CardPaymentInfoViewModel.swift */; };
		4E6FB33D2C172DB700AC1B25 /* MeetingCell.swift in Sources */ = {isa = PBXBuildFile; fileRef = 4E6FB33C2C172DB700AC1B25 /* MeetingCell.swift */; };
		4E6FB3402C172FEF00AC1B25 /* FriendCell.swift in Sources */ = {isa = PBXBuildFile; fileRef = 4E6FB33F2C172FEF00AC1B25 /* FriendCell.swift */; };
		4E6FB3422C17332500AC1B25 /* MyCardView.swift in Sources */ = {isa = PBXBuildFile; fileRef = 4E6FB3412C17332500AC1B25 /* MyCardView.swift */; };
		4E8243B92C54E23400A40BFF /* NameCell.swift in Sources */ = {isa = PBXBuildFile; fileRef = 4E8243B82C54E23400A40BFF /* NameCell.swift */; };
		4E8243BB2C54E28A00A40BFF /* EmailCell.swift in Sources */ = {isa = PBXBuildFile; fileRef = 4E8243BA2C54E28A00A40BFF /* EmailCell.swift */; };
		4E8243BD2C54E2BD00A40BFF /* PhoneNumberCell.swift in Sources */ = {isa = PBXBuildFile; fileRef = 4E8243BC2C54E2BD00A40BFF /* PhoneNumberCell.swift */; };
		4E8243BF2C54E4D400A40BFF /* passwordModifyCell.swift in Sources */ = {isa = PBXBuildFile; fileRef = 4E8243BE2C54E4D400A40BFF /* passwordModifyCell.swift */; };
		4E8243C12C55476600A40BFF /* MyGifticonView.swift in Sources */ = {isa = PBXBuildFile; fileRef = 4E8243C02C55476600A40BFF /* MyGifticonView.swift */; };
		4E8243C32C5548C400A40BFF /* MygifticonCell.swift in Sources */ = {isa = PBXBuildFile; fileRef = 4E8243C22C5548C400A40BFF /* MygifticonCell.swift */; };
		4E8243C52C554E5700A40BFF /* MyGifticonDetailView.swift in Sources */ = {isa = PBXBuildFile; fileRef = 4E8243C42C554E5700A40BFF /* MyGifticonDetailView.swift */; };
		4E9785FC2C26C9AA000F61BB /* ColorExtension.swift in Sources */ = {isa = PBXBuildFile; fileRef = 4E9785FB2C26C9AA000F61BB /* ColorExtension.swift */; };
		4E9785FF2C27CFC3000F61BB /* CardListViewModel.swift in Sources */ = {isa = PBXBuildFile; fileRef = 4E9785FE2C27CFC3000F61BB /* CardListViewModel.swift */; };
		4E9786B22C3EC247000F61BB /* CustomTabView.swift in Sources */ = {isa = PBXBuildFile; fileRef = 4E9786B12C3EC247000F61BB /* CustomTabView.swift */; };
		4E9787722C4D3804000F61BB /* Launch Screen.storyboard in Resources */ = {isa = PBXBuildFile; fileRef = 4E9787712C4D3804000F61BB /* Launch Screen.storyboard */; };
		4EA35ACF2BCD005E0001508B /* PinforYouApp.swift in Sources */ = {isa = PBXBuildFile; fileRef = 4EA35ACE2BCD005E0001508B /* PinforYouApp.swift */; };
		4EA35AD12BCD005E0001508B /* AuthenticatedView.swift in Sources */ = {isa = PBXBuildFile; fileRef = 4EA35AD02BCD005E0001508B /* AuthenticatedView.swift */; };
		4EA35AD32BCD00600001508B /* Assets.xcassets in Resources */ = {isa = PBXBuildFile; fileRef = 4EA35AD22BCD00600001508B /* Assets.xcassets */; };
		4EA35AD62BCD00600001508B /* Preview Assets.xcassets in Resources */ = {isa = PBXBuildFile; fileRef = 4EA35AD52BCD00600001508B /* Preview Assets.xcassets */; };
		4EA35ADF2BCD19280001508B /* LoginOptionView.swift in Sources */ = {isa = PBXBuildFile; fileRef = 4EA35ADE2BCD19280001508B /* LoginOptionView.swift */; };
		4EA35AE22BE144200001508B /* .gitignore in Resources */ = {isa = PBXBuildFile; fileRef = 4EA35AE12BE144200001508B /* .gitignore */; };
		4EA35AE62BE232140001508B /* KakaoLoginBtn.swift in Sources */ = {isa = PBXBuildFile; fileRef = 4EA35AE52BE232140001508B /* KakaoLoginBtn.swift */; };
		4EA35AEA2BE323D30001508B /* randomNonceString.swift in Sources */ = {isa = PBXBuildFile; fileRef = 4EA35AE92BE323D30001508B /* randomNonceString.swift */; };
		4EA35AEC2BE323FC0001508B /* SHA256.swift in Sources */ = {isa = PBXBuildFile; fileRef = 4EA35AEB2BE323FC0001508B /* SHA256.swift */; };
		4EA35AEF2BE324990001508B /* AuthenticationService.swift in Sources */ = {isa = PBXBuildFile; fileRef = 4EA35AEE2BE324990001508B /* AuthenticationService.swift */; };
		4EA35AF22BE325A90001508B /* User.swift in Sources */ = {isa = PBXBuildFile; fileRef = 4EA35AF12BE325A90001508B /* User.swift */; };
		4EA35AF42BE326040001508B /* Service.swift in Sources */ = {isa = PBXBuildFile; fileRef = 4EA35AF32BE326040001508B /* Service.swift */; };
		4EA35AF62BE3262D0001508B /* ServiceError.swift in Sources */ = {isa = PBXBuildFile; fileRef = 4EA35AF52BE3262D0001508B /* ServiceError.swift */; };
		4EA35AF82BE326480001508B /* UserService.swift in Sources */ = {isa = PBXBuildFile; fileRef = 4EA35AF72BE326480001508B /* UserService.swift */; };
		4EA35AFB2BE326A40001508B /* DBError.swift in Sources */ = {isa = PBXBuildFile; fileRef = 4EA35AFA2BE326A40001508B /* DBError.swift */; };
		4EA35AFE2BE326CD0001508B /* UserObject.swift in Sources */ = {isa = PBXBuildFile; fileRef = 4EA35AFD2BE326CD0001508B /* UserObject.swift */; };
		4EA35B002BE326EA0001508B /* UserDBRepository.swift in Sources */ = {isa = PBXBuildFile; fileRef = 4EA35AFF2BE326EA0001508B /* UserDBRepository.swift */; };
		4EA35B032BE3D9A60001508B /* DIContainer.swift in Sources */ = {isa = PBXBuildFile; fileRef = 4EA35B022BE3D9A60001508B /* DIContainer.swift */; };
		4EA35B062BE3DCA40001508B /* AuthenticationViewModel.swift in Sources */ = {isa = PBXBuildFile; fileRef = 4EA35B052BE3DCA40001508B /* AuthenticationViewModel.swift */; };
		4EA35B082BE4CAC40001508B /* Key.swift in Sources */ = {isa = PBXBuildFile; fileRef = 4EA35B072BE4CAC40001508B /* Key.swift */; };
		4EA35B1D2BE6302F0001508B /* LoginIntroView.swift in Sources */ = {isa = PBXBuildFile; fileRef = 4EA35B1C2BE6302F0001508B /* LoginIntroView.swift */; };
		4EC90CF52C080CA600A0B5B5 /* CardListView.swift in Sources */ = {isa = PBXBuildFile; fileRef = 4EC90CF42C080CA600A0B5B5 /* CardListView.swift */; };
		4EC90CF82C0812F900A0B5B5 /* MyCardCell.swift in Sources */ = {isa = PBXBuildFile; fileRef = 4EC90CF72C0812F900A0B5B5 /* MyCardCell.swift */; };
		4EC90CFB2C0960F100A0B5B5 /* CommunityView.swift in Sources */ = {isa = PBXBuildFile; fileRef = 4EC90CFA2C0960F100A0B5B5 /* CommunityView.swift */; };
		4EC90CFF2C0963AD00A0B5B5 /* FriendListView.swift in Sources */ = {isa = PBXBuildFile; fileRef = 4EC90CFE2C0963AD00A0B5B5 /* FriendListView.swift */; };
		4EC90D012C09687F00A0B5B5 /* MeetingListView.swift in Sources */ = {isa = PBXBuildFile; fileRef = 4EC90D002C09687F00A0B5B5 /* MeetingListView.swift */; };
		4EC90D042C096BB500A0B5B5 /* EventView.swift in Sources */ = {isa = PBXBuildFile; fileRef = 4EC90D032C096BB500A0B5B5 /* EventView.swift */; };
		4EC90D072C0D4F6600A0B5B5 /* AllMenuView.swift in Sources */ = {isa = PBXBuildFile; fileRef = 4EC90D062C0D4F6600A0B5B5 /* AllMenuView.swift */; };
		4ED576092BE77D0D0034F7A6 /* MainTabView.swift in Sources */ = {isa = PBXBuildFile; fileRef = 4ED576082BE77D0D0034F7A6 /* MainTabView.swift */; };
		4ED5760B2BE77D170034F7A6 /* MainTabType.swift in Sources */ = {isa = PBXBuildFile; fileRef = 4ED5760A2BE77D170034F7A6 /* MainTabType.swift */; };
		4ED5760F2BE8CD530034F7A6 /* KakaoMapView.swift in Sources */ = {isa = PBXBuildFile; fileRef = 4ED5760E2BE8CD530034F7A6 /* KakaoMapView.swift */; };
		4ED576122BE90BDB0034F7A6 /* HomeView.swift in Sources */ = {isa = PBXBuildFile; fileRef = 4ED576112BE90BDB0034F7A6 /* HomeView.swift */; };
		4ED576152BE9CD590034F7A6 /* LocationPermission.swift in Sources */ = {isa = PBXBuildFile; fileRef = 4ED576142BE9CD590034F7A6 /* LocationPermission.swift */; };
		4ED576172BE9CE230034F7A6 /* Location.swift in Sources */ = {isa = PBXBuildFile; fileRef = 4ED576162BE9CE230034F7A6 /* Location.swift */; };
		4ED576192BEA73AD0034F7A6 /* LocationService.swift in Sources */ = {isa = PBXBuildFile; fileRef = 4ED576182BEA73AD0034F7A6 /* LocationService.swift */; };
		4ED5761B2BEAFEC10034F7A6 /* KakaoMapViewModel.swift in Sources */ = {isa = PBXBuildFile; fileRef = 4ED5761A2BEAFEC10034F7A6 /* KakaoMapViewModel.swift */; };
		4ED5761D2BEC716E0034F7A6 /* URL.swift in Sources */ = {isa = PBXBuildFile; fileRef = 4ED5761C2BEC716E0034F7A6 /* URL.swift */; };
		4ED5761F2BED03AE0034F7A6 /* Place.swift in Sources */ = {isa = PBXBuildFile; fileRef = 4ED5761E2BED03AE0034F7A6 /* Place.swift */; };
		4ED576252BF3B2190034F7A6 /* PlaceInfoView.swift in Sources */ = {isa = PBXBuildFile; fileRef = 4ED576242BF3B2190034F7A6 /* PlaceInfoView.swift */; };
		4ED576282BF502940034F7A6 /* PlaceCell.swift in Sources */ = {isa = PBXBuildFile; fileRef = 4ED576272BF502940034F7A6 /* PlaceCell.swift */; };
		4ED5762A2BFA40810034F7A6 /* CardCell.swift in Sources */ = {isa = PBXBuildFile; fileRef = 4ED576292BFA40810034F7A6 /* CardCell.swift */; };
		4ED5762C2BFA488D0034F7A6 /* Card.swift in Sources */ = {isa = PBXBuildFile; fileRef = 4ED5762B2BFA488D0034F7A6 /* Card.swift */; };
		4ED5762F2BFAD8BD0034F7A6 /* QRPayView.swift in Sources */ = {isa = PBXBuildFile; fileRef = 4ED5762E2BFAD8BD0034F7A6 /* QRPayView.swift */; };
		4ED576322BFAEB6E0034F7A6 /* WithFriendView.swift in Sources */ = {isa = PBXBuildFile; fileRef = 4ED576312BFAEB6E0034F7A6 /* WithFriendView.swift */; };
		730C6F69986697778218E709 /* Pods_PinforYou.framework in Frameworks */ = {isa = PBXBuildFile; fileRef = 28531306F13EC3B74457DB6F /* Pods_PinforYou.framework */; };
/* End PBXBuildFile section */

/* Begin PBXFileReference section */
		28531306F13EC3B74457DB6F /* Pods_PinforYou.framework */ = {isa = PBXFileReference; explicitFileType = wrapper.framework; includeInIndex = 0; path = Pods_PinforYou.framework; sourceTree = BUILT_PRODUCTS_DIR; };
		2A373425BA1055BA166363E8 /* Pods-PinforYou.release.xcconfig */ = {isa = PBXFileReference; includeInIndex = 1; lastKnownFileType = text.xcconfig; name = "Pods-PinforYou.release.xcconfig"; path = "Target Support Files/Pods-PinforYou/Pods-PinforYou.release.xcconfig"; sourceTree = "<group>"; };
		4E24977C2C174F0A00851D9D /* ScannerView.swift */ = {isa = PBXFileReference; lastKnownFileType = sourcecode.swift; path = ScannerView.swift; sourceTree = "<group>"; };
		4E24977F2C17E2C800851D9D /* SignUpEmailView.swift */ = {isa = PBXFileReference; lastKnownFileType = sourcecode.swift; path = SignUpEmailView.swift; sourceTree = "<group>"; };
		4E2497812C17E30700851D9D /* SignUpUserInfoView.swift */ = {isa = PBXFileReference; lastKnownFileType = sourcecode.swift; path = SignUpUserInfoView.swift; sourceTree = "<group>"; };
		4E2497832C17E85900851D9D /* RecommendCardView.swift */ = {isa = PBXFileReference; lastKnownFileType = sourcecode.swift; path = RecommendCardView.swift; sourceTree = "<group>"; };
		4E2497862C17EC0C00851D9D /* MyInfoView.swift */ = {isa = PBXFileReference; lastKnownFileType = sourcecode.swift; path = MyInfoView.swift; sourceTree = "<group>"; };
		4E2497892C19228400851D9D /* ChallengeView.swift */ = {isa = PBXFileReference; lastKnownFileType = sourcecode.swift; path = ChallengeView.swift; sourceTree = "<group>"; };
		4E24978B2C19252600851D9D /* ChallengeCell.swift */ = {isa = PBXFileReference; lastKnownFileType = sourcecode.swift; path = ChallengeCell.swift; sourceTree = "<group>"; };
		4E24978D2C192BAB00851D9D /* ChallengeDetailView.swift */ = {isa = PBXFileReference; lastKnownFileType = sourcecode.swift; path = ChallengeDetailView.swift; sourceTree = "<group>"; };
		4E2497902C1A70B700851D9D /* PointShopView.swift */ = {isa = PBXFileReference; lastKnownFileType = sourcecode.swift; path = PointShopView.swift; sourceTree = "<group>"; };
		4E2497922C1A758000851D9D /* PurchaseView.swift */ = {isa = PBXFileReference; lastKnownFileType = sourcecode.swift; path = PurchaseView.swift; sourceTree = "<group>"; };
		4E2497942C1A7DA900851D9D /* PurchaseCell.swift */ = {isa = PBXFileReference; lastKnownFileType = sourcecode.swift; path = PurchaseCell.swift; sourceTree = "<group>"; };
		4E2497982C1A80A500851D9D /* PurchaseGifticonView.swift */ = {isa = PBXFileReference; lastKnownFileType = sourcecode.swift; path = PurchaseGifticonView.swift; sourceTree = "<group>"; };
		4E24979A2C1BC2D100851D9D /* PayService.swift */ = {isa = PBXFileReference; lastKnownFileType = sourcecode.swift; path = PayService.swift; sourceTree = "<group>"; };
		4E24979C2C1BC7A500851D9D /* PayCard.swift */ = {isa = PBXFileReference; lastKnownFileType = sourcecode.swift; path = PayCard.swift; sourceTree = "<group>"; };
		4E24979E2C1BD19600851D9D /* PlaceInfoViewModel.swift */ = {isa = PBXFileReference; lastKnownFileType = sourcecode.swift; path = PlaceInfoViewModel.swift; sourceTree = "<group>"; };
		4E2497A02C211A6000851D9D /* QRPayViewModel.swift */ = {isa = PBXFileReference; lastKnownFileType = sourcecode.swift; path = QRPayViewModel.swift; sourceTree = "<group>"; };
		4E2497A22C21225800851D9D /* OwnerPayService.swift */ = {isa = PBXFileReference; lastKnownFileType = sourcecode.swift; path = OwnerPayService.swift; sourceTree = "<group>"; };
		4E2497A42C22657A00851D9D /* ScannerViewModel.swift */ = {isa = PBXFileReference; lastKnownFileType = sourcecode.swift; path = ScannerViewModel.swift; sourceTree = "<group>"; };
		4E2497A62C2269CD00851D9D /* PaymentInfo.swift */ = {isa = PBXFileReference; lastKnownFileType = sourcecode.swift; path = PaymentInfo.swift; sourceTree = "<group>"; };
		4E2497A82C23B18C00851D9D /* CardPaymentInfoView.swift */ = {isa = PBXFileReference; lastKnownFileType = sourcecode.swift; path = CardPaymentInfoView.swift; sourceTree = "<group>"; };
		4E2497AA2C25ABFC00851D9D /* PaymentInfoCell.swift */ = {isa = PBXFileReference; lastKnownFileType = sourcecode.swift; path = PaymentInfoCell.swift; sourceTree = "<group>"; };
		4E2497AD2C25AFC500851D9D /* CardPaymentInfoViewModel.swift */ = {isa = PBXFileReference; lastKnownFileType = sourcecode.swift; path = CardPaymentInfoViewModel.swift; sourceTree = "<group>"; };
		4E6FB33C2C172DB700AC1B25 /* MeetingCell.swift */ = {isa = PBXFileReference; lastKnownFileType = sourcecode.swift; path = MeetingCell.swift; sourceTree = "<group>"; };
		4E6FB33F2C172FEF00AC1B25 /* FriendCell.swift */ = {isa = PBXFileReference; lastKnownFileType = sourcecode.swift; path = FriendCell.swift; sourceTree = "<group>"; };
		4E6FB3412C17332500AC1B25 /* MyCardView.swift */ = {isa = PBXFileReference; lastKnownFileType = sourcecode.swift; path = MyCardView.swift; sourceTree = "<group>"; };
		4E8243B82C54E23400A40BFF /* NameCell.swift */ = {isa = PBXFileReference; lastKnownFileType = sourcecode.swift; path = NameCell.swift; sourceTree = "<group>"; };
		4E8243BA2C54E28A00A40BFF /* EmailCell.swift */ = {isa = PBXFileReference; lastKnownFileType = sourcecode.swift; path = EmailCell.swift; sourceTree = "<group>"; };
		4E8243BC2C54E2BD00A40BFF /* PhoneNumberCell.swift */ = {isa = PBXFileReference; lastKnownFileType = sourcecode.swift; path = PhoneNumberCell.swift; sourceTree = "<group>"; };
		4E8243BE2C54E4D400A40BFF /* passwordModifyCell.swift */ = {isa = PBXFileReference; lastKnownFileType = sourcecode.swift; path = passwordModifyCell.swift; sourceTree = "<group>"; };
		4E8243C02C55476600A40BFF /* MyGifticonView.swift */ = {isa = PBXFileReference; lastKnownFileType = sourcecode.swift; path = MyGifticonView.swift; sourceTree = "<group>"; };
		4E8243C22C5548C400A40BFF /* MygifticonCell.swift */ = {isa = PBXFileReference; lastKnownFileType = sourcecode.swift; path = MygifticonCell.swift; sourceTree = "<group>"; };
		4E8243C42C554E5700A40BFF /* MyGifticonDetailView.swift */ = {isa = PBXFileReference; lastKnownFileType = sourcecode.swift; path = MyGifticonDetailView.swift; sourceTree = "<group>"; };
		4E9785FB2C26C9AA000F61BB /* ColorExtension.swift */ = {isa = PBXFileReference; lastKnownFileType = sourcecode.swift; path = ColorExtension.swift; sourceTree = "<group>"; };
		4E9785FE2C27CFC3000F61BB /* CardListViewModel.swift */ = {isa = PBXFileReference; lastKnownFileType = sourcecode.swift; path = CardListViewModel.swift; sourceTree = "<group>"; };
		4E9786B12C3EC247000F61BB /* CustomTabView.swift */ = {isa = PBXFileReference; lastKnownFileType = sourcecode.swift; path = CustomTabView.swift; sourceTree = "<group>"; };
		4E9787712C4D3804000F61BB /* Launch Screen.storyboard */ = {isa = PBXFileReference; lastKnownFileType = file.storyboard; path = "Launch Screen.storyboard"; sourceTree = "<group>"; };
		4EA35ACB2BCD005E0001508B /* PinforYou.app */ = {isa = PBXFileReference; explicitFileType = wrapper.application; includeInIndex = 0; path = PinforYou.app; sourceTree = BUILT_PRODUCTS_DIR; };
		4EA35ACE2BCD005E0001508B /* PinforYouApp.swift */ = {isa = PBXFileReference; lastKnownFileType = sourcecode.swift; path = PinforYouApp.swift; sourceTree = "<group>"; };
		4EA35AD02BCD005E0001508B /* AuthenticatedView.swift */ = {isa = PBXFileReference; lastKnownFileType = sourcecode.swift; path = AuthenticatedView.swift; sourceTree = "<group>"; };
		4EA35AD22BCD00600001508B /* Assets.xcassets */ = {isa = PBXFileReference; lastKnownFileType = folder.assetcatalog; path = Assets.xcassets; sourceTree = "<group>"; };
		4EA35AD52BCD00600001508B /* Preview Assets.xcassets */ = {isa = PBXFileReference; lastKnownFileType = folder.assetcatalog; path = "Preview Assets.xcassets"; sourceTree = "<group>"; };
		4EA35ADE2BCD19280001508B /* LoginOptionView.swift */ = {isa = PBXFileReference; lastKnownFileType = sourcecode.swift; path = LoginOptionView.swift; sourceTree = "<group>"; };
		4EA35AE12BE144200001508B /* .gitignore */ = {isa = PBXFileReference; lastKnownFileType = text; path = .gitignore; sourceTree = "<group>"; };
		4EA35AE32BE147D90001508B /* Info.plist */ = {isa = PBXFileReference; lastKnownFileType = text.plist; path = Info.plist; sourceTree = "<group>"; };
		4EA35AE52BE232140001508B /* KakaoLoginBtn.swift */ = {isa = PBXFileReference; lastKnownFileType = sourcecode.swift; path = KakaoLoginBtn.swift; sourceTree = "<group>"; };
		4EA35AE72BE28D8C0001508B /* PinforYou.entitlements */ = {isa = PBXFileReference; lastKnownFileType = text.plist.entitlements; path = PinforYou.entitlements; sourceTree = "<group>"; };
		4EA35AE92BE323D30001508B /* randomNonceString.swift */ = {isa = PBXFileReference; lastKnownFileType = sourcecode.swift; path = randomNonceString.swift; sourceTree = "<group>"; };
		4EA35AEB2BE323FC0001508B /* SHA256.swift */ = {isa = PBXFileReference; lastKnownFileType = sourcecode.swift; path = SHA256.swift; sourceTree = "<group>"; };
		4EA35AEE2BE324990001508B /* AuthenticationService.swift */ = {isa = PBXFileReference; lastKnownFileType = sourcecode.swift; path = AuthenticationService.swift; sourceTree = "<group>"; };
		4EA35AF12BE325A90001508B /* User.swift */ = {isa = PBXFileReference; lastKnownFileType = sourcecode.swift; path = User.swift; sourceTree = "<group>"; };
		4EA35AF32BE326040001508B /* Service.swift */ = {isa = PBXFileReference; lastKnownFileType = sourcecode.swift; path = Service.swift; sourceTree = "<group>"; };
		4EA35AF52BE3262D0001508B /* ServiceError.swift */ = {isa = PBXFileReference; lastKnownFileType = sourcecode.swift; path = ServiceError.swift; sourceTree = "<group>"; };
		4EA35AF72BE326480001508B /* UserService.swift */ = {isa = PBXFileReference; lastKnownFileType = sourcecode.swift; path = UserService.swift; sourceTree = "<group>"; };
		4EA35AFA2BE326A40001508B /* DBError.swift */ = {isa = PBXFileReference; lastKnownFileType = sourcecode.swift; path = DBError.swift; sourceTree = "<group>"; };
		4EA35AFD2BE326CD0001508B /* UserObject.swift */ = {isa = PBXFileReference; lastKnownFileType = sourcecode.swift; path = UserObject.swift; sourceTree = "<group>"; };
		4EA35AFF2BE326EA0001508B /* UserDBRepository.swift */ = {isa = PBXFileReference; lastKnownFileType = sourcecode.swift; path = UserDBRepository.swift; sourceTree = "<group>"; };
		4EA35B022BE3D9A60001508B /* DIContainer.swift */ = {isa = PBXFileReference; lastKnownFileType = sourcecode.swift; path = DIContainer.swift; sourceTree = "<group>"; };
		4EA35B052BE3DCA40001508B /* AuthenticationViewModel.swift */ = {isa = PBXFileReference; lastKnownFileType = sourcecode.swift; path = AuthenticationViewModel.swift; sourceTree = "<group>"; };
		4EA35B072BE4CAC40001508B /* Key.swift */ = {isa = PBXFileReference; lastKnownFileType = sourcecode.swift; path = Key.swift; sourceTree = "<group>"; };
		4EA35B1C2BE6302F0001508B /* LoginIntroView.swift */ = {isa = PBXFileReference; lastKnownFileType = sourcecode.swift; path = LoginIntroView.swift; sourceTree = "<group>"; };
		4EC90CF42C080CA600A0B5B5 /* CardListView.swift */ = {isa = PBXFileReference; lastKnownFileType = sourcecode.swift; path = CardListView.swift; sourceTree = "<group>"; };
		4EC90CF72C0812F900A0B5B5 /* MyCardCell.swift */ = {isa = PBXFileReference; lastKnownFileType = sourcecode.swift; path = MyCardCell.swift; sourceTree = "<group>"; };
		4EC90CFA2C0960F100A0B5B5 /* CommunityView.swift */ = {isa = PBXFileReference; lastKnownFileType = sourcecode.swift; path = CommunityView.swift; sourceTree = "<group>"; };
		4EC90CFE2C0963AD00A0B5B5 /* FriendListView.swift */ = {isa = PBXFileReference; lastKnownFileType = sourcecode.swift; path = FriendListView.swift; sourceTree = "<group>"; };
		4EC90D002C09687F00A0B5B5 /* MeetingListView.swift */ = {isa = PBXFileReference; lastKnownFileType = sourcecode.swift; path = MeetingListView.swift; sourceTree = "<group>"; };
		4EC90D032C096BB500A0B5B5 /* EventView.swift */ = {isa = PBXFileReference; lastKnownFileType = sourcecode.swift; path = EventView.swift; sourceTree = "<group>"; };
		4EC90D062C0D4F6600A0B5B5 /* AllMenuView.swift */ = {isa = PBXFileReference; lastKnownFileType = sourcecode.swift; path = AllMenuView.swift; sourceTree = "<group>"; };
		4ED576082BE77D0D0034F7A6 /* MainTabView.swift */ = {isa = PBXFileReference; lastKnownFileType = sourcecode.swift; path = MainTabView.swift; sourceTree = "<group>"; };
		4ED5760A2BE77D170034F7A6 /* MainTabType.swift */ = {isa = PBXFileReference; lastKnownFileType = sourcecode.swift; path = MainTabType.swift; sourceTree = "<group>"; };
		4ED5760E2BE8CD530034F7A6 /* KakaoMapView.swift */ = {isa = PBXFileReference; lastKnownFileType = sourcecode.swift; path = KakaoMapView.swift; sourceTree = "<group>"; };
		4ED576112BE90BDB0034F7A6 /* HomeView.swift */ = {isa = PBXFileReference; lastKnownFileType = sourcecode.swift; path = HomeView.swift; sourceTree = "<group>"; };
		4ED576142BE9CD590034F7A6 /* LocationPermission.swift */ = {isa = PBXFileReference; lastKnownFileType = sourcecode.swift; path = LocationPermission.swift; sourceTree = "<group>"; };
		4ED576162BE9CE230034F7A6 /* Location.swift */ = {isa = PBXFileReference; lastKnownFileType = sourcecode.swift; path = Location.swift; sourceTree = "<group>"; };
		4ED576182BEA73AD0034F7A6 /* LocationService.swift */ = {isa = PBXFileReference; lastKnownFileType = sourcecode.swift; path = LocationService.swift; sourceTree = "<group>"; };
		4ED5761A2BEAFEC10034F7A6 /* KakaoMapViewModel.swift */ = {isa = PBXFileReference; lastKnownFileType = sourcecode.swift; path = KakaoMapViewModel.swift; sourceTree = "<group>"; };
		4ED5761C2BEC716E0034F7A6 /* URL.swift */ = {isa = PBXFileReference; lastKnownFileType = sourcecode.swift; path = URL.swift; sourceTree = "<group>"; };
		4ED5761E2BED03AE0034F7A6 /* Place.swift */ = {isa = PBXFileReference; lastKnownFileType = sourcecode.swift; path = Place.swift; sourceTree = "<group>"; };
		4ED576242BF3B2190034F7A6 /* PlaceInfoView.swift */ = {isa = PBXFileReference; lastKnownFileType = sourcecode.swift; path = PlaceInfoView.swift; sourceTree = "<group>"; };
		4ED576272BF502940034F7A6 /* PlaceCell.swift */ = {isa = PBXFileReference; lastKnownFileType = sourcecode.swift; path = PlaceCell.swift; sourceTree = "<group>"; };
		4ED576292BFA40810034F7A6 /* CardCell.swift */ = {isa = PBXFileReference; lastKnownFileType = sourcecode.swift; path = CardCell.swift; sourceTree = "<group>"; };
		4ED5762B2BFA488D0034F7A6 /* Card.swift */ = {isa = PBXFileReference; lastKnownFileType = sourcecode.swift; path = Card.swift; sourceTree = "<group>"; };
		4ED5762E2BFAD8BD0034F7A6 /* QRPayView.swift */ = {isa = PBXFileReference; lastKnownFileType = sourcecode.swift; path = QRPayView.swift; sourceTree = "<group>"; };
		4ED576312BFAEB6E0034F7A6 /* WithFriendView.swift */ = {isa = PBXFileReference; lastKnownFileType = sourcecode.swift; path = WithFriendView.swift; sourceTree = "<group>"; };
		5F528BB8266D3D3FCBADB28D /* Pods-PinforYou.debug.xcconfig */ = {isa = PBXFileReference; includeInIndex = 1; lastKnownFileType = text.xcconfig; name = "Pods-PinforYou.debug.xcconfig"; path = "Target Support Files/Pods-PinforYou/Pods-PinforYou.debug.xcconfig"; sourceTree = "<group>"; };
/* End PBXFileReference section */

/* Begin PBXFrameworksBuildPhase section */
		4EA35AC82BCD005E0001508B /* Frameworks */ = {
			isa = PBXFrameworksBuildPhase;
			buildActionMask = 2147483647;
			files = (
				730C6F69986697778218E709 /* Pods_PinforYou.framework in Frameworks */,
			);
			runOnlyForDeploymentPostprocessing = 0;
		};
/* End PBXFrameworksBuildPhase section */

/* Begin PBXGroup section */
		321BF55965B88F5BE35E7EAF /* Pods */ = {
			isa = PBXGroup;
			children = (
				5F528BB8266D3D3FCBADB28D /* Pods-PinforYou.debug.xcconfig */,
				2A373425BA1055BA166363E8 /* Pods-PinforYou.release.xcconfig */,
			);
			path = Pods;
			sourceTree = "<group>";
		};
		4E24977B2C174F0000851D9D /* Scanner */ = {
			isa = PBXGroup;
			children = (
				4E24977C2C174F0A00851D9D /* ScannerView.swift */,
				4E2497A42C22657A00851D9D /* ScannerViewModel.swift */,
			);
			path = Scanner;
			sourceTree = "<group>";
		};
		4E24977E2C17E2A000851D9D /* SignUp */ = {
			isa = PBXGroup;
			children = (
				4E24977F2C17E2C800851D9D /* SignUpEmailView.swift */,
				4E2497812C17E30700851D9D /* SignUpUserInfoView.swift */,
			);
			path = SignUp;
			sourceTree = "<group>";
		};
		4E2497852C17EBFD00851D9D /* MyInfo */ = {
			isa = PBXGroup;
			children = (
				4E8243B72C54E22600A40BFF /* Cell */,
				4E2497862C17EC0C00851D9D /* MyInfoView.swift */,
			);
			path = MyInfo;
			sourceTree = "<group>";
		};
		4E2497882C19226900851D9D /* Challenge */ = {
			isa = PBXGroup;
			children = (
				4E2497892C19228400851D9D /* ChallengeView.swift */,
				4E24978B2C19252600851D9D /* ChallengeCell.swift */,
				4E24978D2C192BAB00851D9D /* ChallengeDetailView.swift */,
			);
			path = Challenge;
			sourceTree = "<group>";
		};
		4E24978F2C1A70A800851D9D /* PointShop */ = {
			isa = PBXGroup;
			children = (
				4E2497972C1A808600851D9D /* Mygiftcon */,
				4E2497962C1A807100851D9D /* Purchase */,
				4E2497902C1A70B700851D9D /* PointShopView.swift */,
			);
			path = PointShop;
			sourceTree = "<group>";
		};
		4E2497962C1A807100851D9D /* Purchase */ = {
			isa = PBXGroup;
			children = (
				4E2497942C1A7DA900851D9D /* PurchaseCell.swift */,
				4E2497922C1A758000851D9D /* PurchaseView.swift */,
				4E2497982C1A80A500851D9D /* PurchaseGifticonView.swift */,
			);
			path = Purchase;
			sourceTree = "<group>";
		};
		4E2497972C1A808600851D9D /* Mygiftcon */ = {
			isa = PBXGroup;
			children = (
				4E8243C02C55476600A40BFF /* MyGifticonView.swift */,
				4E8243C22C5548C400A40BFF /* MygifticonCell.swift */,
				4E8243C42C554E5700A40BFF /* MyGifticonDetailView.swift */,
			);
			path = Mygiftcon;
			sourceTree = "<group>";
		};
		4E2497AC2C25AFA800851D9D /* CardPaymentInfo */ = {
			isa = PBXGroup;
			children = (
				4E2497A82C23B18C00851D9D /* CardPaymentInfoView.swift */,
				4E2497AD2C25AFC500851D9D /* CardPaymentInfoViewModel.swift */,
			);
			path = CardPaymentInfo;
			sourceTree = "<group>";
		};
		4E6FB33B2C172DA600AC1B25 /* Cell */ = {
			isa = PBXGroup;
			children = (
				4E6FB33C2C172DB700AC1B25 /* MeetingCell.swift */,
			);
			path = Cell;
			sourceTree = "<group>";
		};
		4E6FB33E2C172FE400AC1B25 /* Cell */ = {
			isa = PBXGroup;
			children = (
				4E6FB33F2C172FEF00AC1B25 /* FriendCell.swift */,
			);
			path = Cell;
			sourceTree = "<group>";
		};
		4E8243B72C54E22600A40BFF /* Cell */ = {
			isa = PBXGroup;
			children = (
				4E8243B82C54E23400A40BFF /* NameCell.swift */,
				4E8243BA2C54E28A00A40BFF /* EmailCell.swift */,
				4E8243BC2C54E2BD00A40BFF /* PhoneNumberCell.swift */,
				4E8243BE2C54E4D400A40BFF /* passwordModifyCell.swift */,
			);
			path = Cell;
			sourceTree = "<group>";
		};
		4E9785FD2C27CFA1000F61BB /* UserCardList */ = {
			isa = PBXGroup;
			children = (
				4EC90CF42C080CA600A0B5B5 /* CardListView.swift */,
				4E9785FE2C27CFC3000F61BB /* CardListViewModel.swift */,
			);
			path = UserCardList;
			sourceTree = "<group>";
		};
		4EA35AC22BCD005E0001508B = {
			isa = PBXGroup;
			children = (
				4EA35AE12BE144200001508B /* .gitignore */,
				4EA35ACD2BCD005E0001508B /* PinforYou */,
				4EA35ACC2BCD005E0001508B /* Products */,
				321BF55965B88F5BE35E7EAF /* Pods */,
				52703C487EC7B5F9B912F5CE /* Frameworks */,
			);
			sourceTree = "<group>";
		};
		4EA35ACC2BCD005E0001508B /* Products */ = {
			isa = PBXGroup;
			children = (
				4EA35ACB2BCD005E0001508B /* PinforYou.app */,
			);
			name = Products;
			sourceTree = "<group>";
		};
		4EA35ACD2BCD005E0001508B /* PinforYou */ = {
			isa = PBXGroup;
			children = (
				4EC90D082C0DAE4600A0B5B5 /* Color */,
				4ED576132BE9CD2D0034F7A6 /* Permission */,
				4EA35B012BE3D9900001508B /* General */,
				4EA35AF92BE3268F0001508B /* Repository */,
				4EA35AF02BE3259F0001508B /* Model */,
				4EA35AED2BE3247F0001508B /* Service */,
				4EA35AE82BE323B20001508B /* Util */,
				4EA35AE72BE28D8C0001508B /* PinforYou.entitlements */,
				4EA35AE32BE147D90001508B /* Info.plist */,
				4EA35ADC2BCD0AE30001508B /* View */,
				4EA35ACE2BCD005E0001508B /* PinforYouApp.swift */,
				4EA35AD22BCD00600001508B /* Assets.xcassets */,
				4EA35AD42BCD00600001508B /* Preview Content */,
				4E9787712C4D3804000F61BB /* Launch Screen.storyboard */,
			);
			path = PinforYou;
			sourceTree = "<group>";
		};
		4EA35AD42BCD00600001508B /* Preview Content */ = {
			isa = PBXGroup;
			children = (
				4EA35AD52BCD00600001508B /* Preview Assets.xcassets */,
			);
			path = "Preview Content";
			sourceTree = "<group>";
		};
		4EA35ADC2BCD0AE30001508B /* View */ = {
			isa = PBXGroup;
			children = (
				4E24977B2C174F0000851D9D /* Scanner */,
				4EC90D052C0D4F5400A0B5B5 /* AllMenu */,
				4EC90D022C096B8300A0B5B5 /* Event */,
				4EC90CF92C095FB200A0B5B5 /* Community */,
				4EC90CF32C080C7E00A0B5B5 /* CardList */,
				4ED5760C2BE8CB0B0034F7A6 /* Home */,
				4ED576072BE77CFB0034F7A6 /* MainTabView */,
				4EA35B042BE3DC7E0001508B /* Login */,
				4EA35ADD2BCD19160001508B /* Authentication */,
			);
			path = View;
			sourceTree = "<group>";
		};
		4EA35ADD2BCD19160001508B /* Authentication */ = {
			isa = PBXGroup;
			children = (
				4EA35AD02BCD005E0001508B /* AuthenticatedView.swift */,
				4EA35B052BE3DCA40001508B /* AuthenticationViewModel.swift */,
			);
			path = Authentication;
			sourceTree = "<group>";
		};
		4EA35AE42BE231C00001508B /* LoginButton */ = {
			isa = PBXGroup;
			children = (
				4EA35AE52BE232140001508B /* KakaoLoginBtn.swift */,
			);
			path = LoginButton;
			sourceTree = "<group>";
		};
		4EA35AE82BE323B20001508B /* Util */ = {
			isa = PBXGroup;
			children = (
				4EA35AE92BE323D30001508B /* randomNonceString.swift */,
				4EA35AEB2BE323FC0001508B /* SHA256.swift */,
				4EA35B072BE4CAC40001508B /* Key.swift */,
				4ED5761C2BEC716E0034F7A6 /* URL.swift */,
			);
			path = Util;
			sourceTree = "<group>";
		};
		4EA35AED2BE3247F0001508B /* Service */ = {
			isa = PBXGroup;
			children = (
				4EA35AEE2BE324990001508B /* AuthenticationService.swift */,
				4EA35AF32BE326040001508B /* Service.swift */,
				4EA35AF52BE3262D0001508B /* ServiceError.swift */,
				4EA35AF72BE326480001508B /* UserService.swift */,
				4ED576182BEA73AD0034F7A6 /* LocationService.swift */,
				4E24979A2C1BC2D100851D9D /* PayService.swift */,
				4E2497A22C21225800851D9D /* OwnerPayService.swift */,
			);
			path = Service;
			sourceTree = "<group>";
		};
		4EA35AF02BE3259F0001508B /* Model */ = {
			isa = PBXGroup;
			children = (
				4EA35AF12BE325A90001508B /* User.swift */,
				4ED576162BE9CE230034F7A6 /* Location.swift */,
				4ED5761E2BED03AE0034F7A6 /* Place.swift */,
				4ED5762B2BFA488D0034F7A6 /* Card.swift */,
				4E24979C2C1BC7A500851D9D /* PayCard.swift */,
				4E2497A62C2269CD00851D9D /* PaymentInfo.swift */,
			);
			path = Model;
			sourceTree = "<group>";
		};
		4EA35AF92BE3268F0001508B /* Repository */ = {
			isa = PBXGroup;
			children = (
				4EA35AFC2BE326BD0001508B /* DTO */,
				4EA35AFA2BE326A40001508B /* DBError.swift */,
				4EA35AFF2BE326EA0001508B /* UserDBRepository.swift */,
			);
			path = Repository;
			sourceTree = "<group>";
		};
		4EA35AFC2BE326BD0001508B /* DTO */ = {
			isa = PBXGroup;
			children = (
				4EA35AFD2BE326CD0001508B /* UserObject.swift */,
			);
			path = DTO;
			sourceTree = "<group>";
		};
		4EA35B012BE3D9900001508B /* General */ = {
			isa = PBXGroup;
			children = (
				4EA35B022BE3D9A60001508B /* DIContainer.swift */,
			);
			path = General;
			sourceTree = "<group>";
		};
		4EA35B042BE3DC7E0001508B /* Login */ = {
			isa = PBXGroup;
			children = (
				4E24977E2C17E2A000851D9D /* SignUp */,
				4EA35ADE2BCD19280001508B /* LoginOptionView.swift */,
				4EA35B1C2BE6302F0001508B /* LoginIntroView.swift */,
				4EA35AE42BE231C00001508B /* LoginButton */,
			);
			path = Login;
			sourceTree = "<group>";
		};
		4EC90CF32C080C7E00A0B5B5 /* CardList */ = {
			isa = PBXGroup;
			children = (
				4E2497AC2C25AFA800851D9D /* CardPaymentInfo */,
				4EC90CF62C0812E800A0B5B5 /* Cell */,
				4E9785FD2C27CFA1000F61BB /* UserCardList */,
				4E6FB3412C17332500AC1B25 /* MyCardView.swift */,
				4E2497832C17E85900851D9D /* RecommendCardView.swift */,
			);
			path = CardList;
			sourceTree = "<group>";
		};
		4EC90CF62C0812E800A0B5B5 /* Cell */ = {
			isa = PBXGroup;
			children = (
				4EC90CF72C0812F900A0B5B5 /* MyCardCell.swift */,
				4E2497AA2C25ABFC00851D9D /* PaymentInfoCell.swift */,
			);
			path = Cell;
			sourceTree = "<group>";
		};
		4EC90CF92C095FB200A0B5B5 /* Community */ = {
			isa = PBXGroup;
			children = (
				4EC90CFD2C0962E100A0B5B5 /* Meeting */,
				4EC90CFC2C0962D900A0B5B5 /* Friend */,
				4EC90CFA2C0960F100A0B5B5 /* CommunityView.swift */,
			);
			path = Community;
			sourceTree = "<group>";
		};
		4EC90CFC2C0962D900A0B5B5 /* Friend */ = {
			isa = PBXGroup;
			children = (
				4E6FB33E2C172FE400AC1B25 /* Cell */,
				4EC90CFE2C0963AD00A0B5B5 /* FriendListView.swift */,
			);
			path = Friend;
			sourceTree = "<group>";
		};
		4EC90CFD2C0962E100A0B5B5 /* Meeting */ = {
			isa = PBXGroup;
			children = (
				4E6FB33B2C172DA600AC1B25 /* Cell */,
				4EC90D002C09687F00A0B5B5 /* MeetingListView.swift */,
			);
			path = Meeting;
			sourceTree = "<group>";
		};
		4EC90D022C096B8300A0B5B5 /* Event */ = {
			isa = PBXGroup;
			children = (
				4EC90D032C096BB500A0B5B5 /* EventView.swift */,
			);
			path = Event;
			sourceTree = "<group>";
		};
		4EC90D052C0D4F5400A0B5B5 /* AllMenu */ = {
			isa = PBXGroup;
			children = (
				4E24978F2C1A70A800851D9D /* PointShop */,
				4E2497882C19226900851D9D /* Challenge */,
				4E2497852C17EBFD00851D9D /* MyInfo */,
				4EC90D062C0D4F6600A0B5B5 /* AllMenuView.swift */,
			);
			path = AllMenu;
			sourceTree = "<group>";
		};
		4EC90D082C0DAE4600A0B5B5 /* Color */ = {
			isa = PBXGroup;
			children = (
				4E9785FB2C26C9AA000F61BB /* ColorExtension.swift */,
			);
			path = Color;
			sourceTree = "<group>";
		};
		4ED576072BE77CFB0034F7A6 /* MainTabView */ = {
			isa = PBXGroup;
			children = (
				4ED576082BE77D0D0034F7A6 /* MainTabView.swift */,
				4ED5760A2BE77D170034F7A6 /* MainTabType.swift */,
				4E9786B12C3EC247000F61BB /* CustomTabView.swift */,
			);
			path = MainTabView;
			sourceTree = "<group>";
		};
		4ED5760C2BE8CB0B0034F7A6 /* Home */ = {
			isa = PBXGroup;
			children = (
				4ED576302BFAEB440034F7A6 /* WithFriend */,
				4ED5762D2BFAD88F0034F7A6 /* PaymentView */,
				4ED576232BF3B1C80034F7A6 /* PlaceInfo */,
				4ED5760D2BE8CB250034F7A6 /* Map */,
				4ED576112BE90BDB0034F7A6 /* HomeView.swift */,
			);
			path = Home;
			sourceTree = "<group>";
		};
		4ED5760D2BE8CB250034F7A6 /* Map */ = {
			isa = PBXGroup;
			children = (
				4ED5760E2BE8CD530034F7A6 /* KakaoMapView.swift */,
				4ED5761A2BEAFEC10034F7A6 /* KakaoMapViewModel.swift */,
			);
			path = Map;
			sourceTree = "<group>";
		};
		4ED576132BE9CD2D0034F7A6 /* Permission */ = {
			isa = PBXGroup;
			children = (
				4ED576142BE9CD590034F7A6 /* LocationPermission.swift */,
			);
			path = Permission;
			sourceTree = "<group>";
		};
		4ED576232BF3B1C80034F7A6 /* PlaceInfo */ = {
			isa = PBXGroup;
			children = (
				4ED576262BF502850034F7A6 /* Cell */,
				4ED576242BF3B2190034F7A6 /* PlaceInfoView.swift */,
				4E24979E2C1BD19600851D9D /* PlaceInfoViewModel.swift */,
			);
			path = PlaceInfo;
			sourceTree = "<group>";
		};
		4ED576262BF502850034F7A6 /* Cell */ = {
			isa = PBXGroup;
			children = (
				4ED576272BF502940034F7A6 /* PlaceCell.swift */,
				4ED576292BFA40810034F7A6 /* CardCell.swift */,
			);
			path = Cell;
			sourceTree = "<group>";
		};
		4ED5762D2BFAD88F0034F7A6 /* PaymentView */ = {
			isa = PBXGroup;
			children = (
				4ED5762E2BFAD8BD0034F7A6 /* QRPayView.swift */,
				4E2497A02C211A6000851D9D /* QRPayViewModel.swift */,
			);
			path = PaymentView;
			sourceTree = "<group>";
		};
		4ED576302BFAEB440034F7A6 /* WithFriend */ = {
			isa = PBXGroup;
			children = (
				4ED576312BFAEB6E0034F7A6 /* WithFriendView.swift */,
			);
			path = WithFriend;
			sourceTree = "<group>";
		};
		52703C487EC7B5F9B912F5CE /* Frameworks */ = {
			isa = PBXGroup;
			children = (
				28531306F13EC3B74457DB6F /* Pods_PinforYou.framework */,
			);
			name = Frameworks;
			sourceTree = "<group>";
		};
/* End PBXGroup section */

/* Begin PBXNativeTarget section */
		4EA35ACA2BCD005E0001508B /* PinforYou */ = {
			isa = PBXNativeTarget;
			buildConfigurationList = 4EA35AD92BCD00600001508B /* Build configuration list for PBXNativeTarget "PinforYou" */;
			buildPhases = (
				85D88774997B87160C4F88DD /* [CP] Check Pods Manifest.lock */,
				4EA35AC72BCD005E0001508B /* Sources */,
				4EA35AC82BCD005E0001508B /* Frameworks */,
				4EA35AC92BCD005E0001508B /* Resources */,
				3414E36B34DABCEC41ADB7BF /* [CP] Embed Pods Frameworks */,
				7F136EA984C63906E0B48D98 /* [CP] Copy Pods Resources */,
			);
			buildRules = (
			);
			dependencies = (
			);
			name = PinforYou;
			productName = PinforYou;
			productReference = 4EA35ACB2BCD005E0001508B /* PinforYou.app */;
			productType = "com.apple.product-type.application";
		};
/* End PBXNativeTarget section */

/* Begin PBXProject section */
		4EA35AC32BCD005E0001508B /* Project object */ = {
			isa = PBXProject;
			attributes = {
				BuildIndependentTargetsInParallel = 1;
				LastSwiftUpdateCheck = 1530;
				LastUpgradeCheck = 1530;
				TargetAttributes = {
					4EA35ACA2BCD005E0001508B = {
						CreatedOnToolsVersion = 15.3;
					};
				};
			};
			buildConfigurationList = 4EA35AC62BCD005E0001508B /* Build configuration list for PBXProject "PinforYou" */;
			compatibilityVersion = "Xcode 14.0";
			developmentRegion = en;
			hasScannedForEncodings = 0;
			knownRegions = (
				en,
				Base,
			);
			mainGroup = 4EA35AC22BCD005E0001508B;
			productRefGroup = 4EA35ACC2BCD005E0001508B /* Products */;
			projectDirPath = "";
			projectRoot = "";
			targets = (
				4EA35ACA2BCD005E0001508B /* PinforYou */,
			);
		};
/* End PBXProject section */

/* Begin PBXResourcesBuildPhase section */
		4EA35AC92BCD005E0001508B /* Resources */ = {
			isa = PBXResourcesBuildPhase;
			buildActionMask = 2147483647;
			files = (
				4EA35AD62BCD00600001508B /* Preview Assets.xcassets in Resources */,
				4EA35AE22BE144200001508B /* .gitignore in Resources */,
				4E9787722C4D3804000F61BB /* Launch Screen.storyboard in Resources */,
				4EA35AD32BCD00600001508B /* Assets.xcassets in Resources */,
			);
			runOnlyForDeploymentPostprocessing = 0;
		};
/* End PBXResourcesBuildPhase section */

/* Begin PBXShellScriptBuildPhase section */
		3414E36B34DABCEC41ADB7BF /* [CP] Embed Pods Frameworks */ = {
			isa = PBXShellScriptBuildPhase;
			buildActionMask = 2147483647;
			files = (
			);
			inputFileListPaths = (
				"${PODS_ROOT}/Target Support Files/Pods-PinforYou/Pods-PinforYou-frameworks-${CONFIGURATION}-input-files.xcfilelist",
			);
			name = "[CP] Embed Pods Frameworks";
			outputFileListPaths = (
				"${PODS_ROOT}/Target Support Files/Pods-PinforYou/Pods-PinforYou-frameworks-${CONFIGURATION}-output-files.xcfilelist",
			);
			runOnlyForDeploymentPostprocessing = 0;
			shellPath = /bin/sh;
			shellScript = "\"${PODS_ROOT}/Target Support Files/Pods-PinforYou/Pods-PinforYou-frameworks.sh\"\n";
			showEnvVarsInLog = 0;
		};
		7F136EA984C63906E0B48D98 /* [CP] Copy Pods Resources */ = {
			isa = PBXShellScriptBuildPhase;
			buildActionMask = 2147483647;
			files = (
			);
			inputFileListPaths = (
				"${PODS_ROOT}/Target Support Files/Pods-PinforYou/Pods-PinforYou-resources-${CONFIGURATION}-input-files.xcfilelist",
			);
			name = "[CP] Copy Pods Resources";
			outputFileListPaths = (
				"${PODS_ROOT}/Target Support Files/Pods-PinforYou/Pods-PinforYou-resources-${CONFIGURATION}-output-files.xcfilelist",
			);
			runOnlyForDeploymentPostprocessing = 0;
			shellPath = /bin/sh;
			shellScript = "\"${PODS_ROOT}/Target Support Files/Pods-PinforYou/Pods-PinforYou-resources.sh\"\n";
			showEnvVarsInLog = 0;
		};
		85D88774997B87160C4F88DD /* [CP] Check Pods Manifest.lock */ = {
			isa = PBXShellScriptBuildPhase;
			buildActionMask = 2147483647;
			files = (
			);
			inputFileListPaths = (
			);
			inputPaths = (
				"${PODS_PODFILE_DIR_PATH}/Podfile.lock",
				"${PODS_ROOT}/Manifest.lock",
			);
			name = "[CP] Check Pods Manifest.lock";
			outputFileListPaths = (
			);
			outputPaths = (
				"$(DERIVED_FILE_DIR)/Pods-PinforYou-checkManifestLockResult.txt",
			);
			runOnlyForDeploymentPostprocessing = 0;
			shellPath = /bin/sh;
			shellScript = "diff \"${PODS_PODFILE_DIR_PATH}/Podfile.lock\" \"${PODS_ROOT}/Manifest.lock\" > /dev/null\nif [ $? != 0 ] ; then\n    # print error to STDERR\n    echo \"error: The sandbox is not in sync with the Podfile.lock. Run 'pod install' or update your CocoaPods installation.\" >&2\n    exit 1\nfi\n# This output is used by Xcode 'outputs' to avoid re-running this script phase.\necho \"SUCCESS\" > \"${SCRIPT_OUTPUT_FILE_0}\"\n";
			showEnvVarsInLog = 0;
		};
/* End PBXShellScriptBuildPhase section */

/* Begin PBXSourcesBuildPhase section */
		4EA35AC72BCD005E0001508B /* Sources */ = {
			isa = PBXSourcesBuildPhase;
			buildActionMask = 2147483647;
			files = (
				4E2497912C1A70B700851D9D /* PointShopView.swift in Sources */,
				4EA35AFB2BE326A40001508B /* DBError.swift in Sources */,
				4EA35AF62BE3262D0001508B /* ServiceError.swift in Sources */,
				4EA35AEA2BE323D30001508B /* randomNonceString.swift in Sources */,
				4E24978A2C19228400851D9D /* ChallengeView.swift in Sources */,
				4ED576252BF3B2190034F7A6 /* PlaceInfoView.swift in Sources */,
				4E2497992C1A80A500851D9D /* PurchaseGifticonView.swift in Sources */,
				4EA35AFE2BE326CD0001508B /* UserObject.swift in Sources */,
				4E2497952C1A7DA900851D9D /* PurchaseCell.swift in Sources */,
				4EA35B062BE3DCA40001508B /* AuthenticationViewModel.swift in Sources */,
				4ED576122BE90BDB0034F7A6 /* HomeView.swift in Sources */,
				4E2497872C17EC0C00851D9D /* MyInfoView.swift in Sources */,
				4E9786B22C3EC247000F61BB /* CustomTabView.swift in Sources */,
				4E2497A72C2269CD00851D9D /* PaymentInfo.swift in Sources */,
				4E6FB33D2C172DB700AC1B25 /* MeetingCell.swift in Sources */,
				4E8243C12C55476600A40BFF /* MyGifticonView.swift in Sources */,
				4ED576092BE77D0D0034F7A6 /* MainTabView.swift in Sources */,
				4E24977D2C174F0A00851D9D /* ScannerView.swift in Sources */,
				4E24979F2C1BD19600851D9D /* PlaceInfoViewModel.swift in Sources */,
				4EA35ADF2BCD19280001508B /* LoginOptionView.swift in Sources */,
				4ED5762A2BFA40810034F7A6 /* CardCell.swift in Sources */,
				4EA35AEC2BE323FC0001508B /* SHA256.swift in Sources */,
				4E2497802C17E2C800851D9D /* SignUpEmailView.swift in Sources */,
				4EA35B002BE326EA0001508B /* UserDBRepository.swift in Sources */,
				4EC90CF52C080CA600A0B5B5 /* CardListView.swift in Sources */,
				4E6FB3422C17332500AC1B25 /* MyCardView.swift in Sources */,
				4E2497842C17E85900851D9D /* RecommendCardView.swift in Sources */,
				4ED576282BF502940034F7A6 /* PlaceCell.swift in Sources */,
				4E24978E2C192BAB00851D9D /* ChallengeDetailView.swift in Sources */,
				4ED576172BE9CE230034F7A6 /* Location.swift in Sources */,
				4ED576322BFAEB6E0034F7A6 /* WithFriendView.swift in Sources */,
				4ED5761D2BEC716E0034F7A6 /* URL.swift in Sources */,
				4E8243C52C554E5700A40BFF /* MyGifticonDetailView.swift in Sources */,
				4EC90CFB2C0960F100A0B5B5 /* CommunityView.swift in Sources */,
				4ED5760F2BE8CD530034F7A6 /* KakaoMapView.swift in Sources */,
				4EA35B082BE4CAC40001508B /* Key.swift in Sources */,
				4E2497A12C211A6000851D9D /* QRPayViewModel.swift in Sources */,
				4E9785FC2C26C9AA000F61BB /* ColorExtension.swift in Sources */,
				4EA35B1D2BE6302F0001508B /* LoginIntroView.swift in Sources */,
				4E2497AE2C25AFC500851D9D /* CardPaymentInfoViewModel.swift in Sources */,
				4E8243BB2C54E28A00A40BFF /* EmailCell.swift in Sources */,
				4EA35B032BE3D9A60001508B /* DIContainer.swift in Sources */,
				4EA35AD12BCD005E0001508B /* AuthenticatedView.swift in Sources */,
				4EC90D072C0D4F6600A0B5B5 /* AllMenuView.swift in Sources */,
				4E2497AB2C25ABFC00851D9D /* PaymentInfoCell.swift in Sources */,
				4EA35AF22BE325A90001508B /* User.swift in Sources */,
				4ED576192BEA73AD0034F7A6 /* LocationService.swift in Sources */,
				4ED5761F2BED03AE0034F7A6 /* Place.swift in Sources */,
				4E24979B2C1BC2D100851D9D /* PayService.swift in Sources */,
				4EA35AF82BE326480001508B /* UserService.swift in Sources */,
				4E24979D2C1BC7A500851D9D /* PayCard.swift in Sources */,
				4E2497822C17E30700851D9D /* SignUpUserInfoView.swift in Sources */,
				4EA35AF42BE326040001508B /* Service.swift in Sources */,
				4E8243BD2C54E2BD00A40BFF /* PhoneNumberCell.swift in Sources */,
				4E2497A52C22657A00851D9D /* ScannerViewModel.swift in Sources */,
				4E2497932C1A758000851D9D /* PurchaseView.swift in Sources */,
				4EC90D012C09687F00A0B5B5 /* MeetingListView.swift in Sources */,
				4EA35AE62BE232140001508B /* KakaoLoginBtn.swift in Sources */,
				4ED5762F2BFAD8BD0034F7A6 /* QRPayView.swift in Sources */,
				4E2497A92C23B18C00851D9D /* CardPaymentInfoView.swift in Sources */,
				4E8243C32C5548C400A40BFF /* MygifticonCell.swift in Sources */,
				4E2497A32C21225800851D9D /* OwnerPayService.swift in Sources */,
				4EC90CFF2C0963AD00A0B5B5 /* FriendListView.swift in Sources */,
				4E8243B92C54E23400A40BFF /* NameCell.swift in Sources */,
				4E8243BF2C54E4D400A40BFF /* passwordModifyCell.swift in Sources */,
				4E6FB3402C172FEF00AC1B25 /* FriendCell.swift in Sources */,
				4ED576152BE9CD590034F7A6 /* LocationPermission.swift in Sources */,
				4EA35ACF2BCD005E0001508B /* PinforYouApp.swift in Sources */,
				4ED5761B2BEAFEC10034F7A6 /* KakaoMapViewModel.swift in Sources */,
				4ED5760B2BE77D170034F7A6 /* MainTabType.swift in Sources */,
				4E24978C2C19252600851D9D /* ChallengeCell.swift in Sources */,
				4EA35AEF2BE324990001508B /* AuthenticationService.swift in Sources */,
				4E9785FF2C27CFC3000F61BB /* CardListViewModel.swift in Sources */,
				4ED5762C2BFA488D0034F7A6 /* Card.swift in Sources */,
				4EC90CF82C0812F900A0B5B5 /* MyCardCell.swift in Sources */,
				4EC90D042C096BB500A0B5B5 /* EventView.swift in Sources */,
			);
			runOnlyForDeploymentPostprocessing = 0;
		};
/* End PBXSourcesBuildPhase section */

/* Begin XCBuildConfiguration section */
		4EA35AD72BCD00600001508B /* Debug */ = {
			isa = XCBuildConfiguration;
			buildSettings = {
				ALWAYS_SEARCH_USER_PATHS = NO;
				ASSETCATALOG_COMPILER_GENERATE_SWIFT_ASSET_SYMBOL_EXTENSIONS = YES;
				CLANG_ANALYZER_NONNULL = YES;
				CLANG_ANALYZER_NUMBER_OBJECT_CONVERSION = YES_AGGRESSIVE;
				CLANG_CXX_LANGUAGE_STANDARD = "gnu++20";
				CLANG_ENABLE_MODULES = YES;
				CLANG_ENABLE_OBJC_ARC = YES;
				CLANG_ENABLE_OBJC_WEAK = YES;
				CLANG_WARN_BLOCK_CAPTURE_AUTORELEASING = YES;
				CLANG_WARN_BOOL_CONVERSION = YES;
				CLANG_WARN_COMMA = YES;
				CLANG_WARN_CONSTANT_CONVERSION = YES;
				CLANG_WARN_DEPRECATED_OBJC_IMPLEMENTATIONS = YES;
				CLANG_WARN_DIRECT_OBJC_ISA_USAGE = YES_ERROR;
				CLANG_WARN_DOCUMENTATION_COMMENTS = YES;
				CLANG_WARN_EMPTY_BODY = YES;
				CLANG_WARN_ENUM_CONVERSION = YES;
				CLANG_WARN_INFINITE_RECURSION = YES;
				CLANG_WARN_INT_CONVERSION = YES;
				CLANG_WARN_NON_LITERAL_NULL_CONVERSION = YES;
				CLANG_WARN_OBJC_IMPLICIT_RETAIN_SELF = YES;
				CLANG_WARN_OBJC_LITERAL_CONVERSION = YES;
				CLANG_WARN_OBJC_ROOT_CLASS = YES_ERROR;
				CLANG_WARN_QUOTED_INCLUDE_IN_FRAMEWORK_HEADER = YES;
				CLANG_WARN_RANGE_LOOP_ANALYSIS = YES;
				CLANG_WARN_STRICT_PROTOTYPES = YES;
				CLANG_WARN_SUSPICIOUS_MOVE = YES;
				CLANG_WARN_UNGUARDED_AVAILABILITY = YES_AGGRESSIVE;
				CLANG_WARN_UNREACHABLE_CODE = YES;
				CLANG_WARN__DUPLICATE_METHOD_MATCH = YES;
				COPY_PHASE_STRIP = NO;
				DEBUG_INFORMATION_FORMAT = dwarf;
				ENABLE_STRICT_OBJC_MSGSEND = YES;
				ENABLE_TESTABILITY = YES;
				ENABLE_USER_SCRIPT_SANDBOXING = NO;
				GCC_C_LANGUAGE_STANDARD = gnu17;
				GCC_DYNAMIC_NO_PIC = NO;
				GCC_NO_COMMON_BLOCKS = YES;
				GCC_OPTIMIZATION_LEVEL = 0;
				GCC_PREPROCESSOR_DEFINITIONS = (
					"DEBUG=1",
					"$(inherited)",
				);
				GCC_WARN_64_TO_32_BIT_CONVERSION = YES;
				GCC_WARN_ABOUT_RETURN_TYPE = YES_ERROR;
				GCC_WARN_UNDECLARED_SELECTOR = YES;
				GCC_WARN_UNINITIALIZED_AUTOS = YES_AGGRESSIVE;
				GCC_WARN_UNUSED_FUNCTION = YES;
				GCC_WARN_UNUSED_VARIABLE = YES;
				IPHONEOS_DEPLOYMENT_TARGET = 16.0;
				LOCALIZATION_PREFERS_STRING_CATALOGS = YES;
				MTL_ENABLE_DEBUG_INFO = INCLUDE_SOURCE;
				MTL_FAST_MATH = YES;
				ONLY_ACTIVE_ARCH = YES;
				SDKROOT = iphoneos;
				SWIFT_ACTIVE_COMPILATION_CONDITIONS = "DEBUG $(inherited)";
				SWIFT_OPTIMIZATION_LEVEL = "-Onone";
			};
			name = Debug;
		};
		4EA35AD82BCD00600001508B /* Release */ = {
			isa = XCBuildConfiguration;
			buildSettings = {
				ALWAYS_SEARCH_USER_PATHS = NO;
				ASSETCATALOG_COMPILER_GENERATE_SWIFT_ASSET_SYMBOL_EXTENSIONS = YES;
				CLANG_ANALYZER_NONNULL = YES;
				CLANG_ANALYZER_NUMBER_OBJECT_CONVERSION = YES_AGGRESSIVE;
				CLANG_CXX_LANGUAGE_STANDARD = "gnu++20";
				CLANG_ENABLE_MODULES = YES;
				CLANG_ENABLE_OBJC_ARC = YES;
				CLANG_ENABLE_OBJC_WEAK = YES;
				CLANG_WARN_BLOCK_CAPTURE_AUTORELEASING = YES;
				CLANG_WARN_BOOL_CONVERSION = YES;
				CLANG_WARN_COMMA = YES;
				CLANG_WARN_CONSTANT_CONVERSION = YES;
				CLANG_WARN_DEPRECATED_OBJC_IMPLEMENTATIONS = YES;
				CLANG_WARN_DIRECT_OBJC_ISA_USAGE = YES_ERROR;
				CLANG_WARN_DOCUMENTATION_COMMENTS = YES;
				CLANG_WARN_EMPTY_BODY = YES;
				CLANG_WARN_ENUM_CONVERSION = YES;
				CLANG_WARN_INFINITE_RECURSION = YES;
				CLANG_WARN_INT_CONVERSION = YES;
				CLANG_WARN_NON_LITERAL_NULL_CONVERSION = YES;
				CLANG_WARN_OBJC_IMPLICIT_RETAIN_SELF = YES;
				CLANG_WARN_OBJC_LITERAL_CONVERSION = YES;
				CLANG_WARN_OBJC_ROOT_CLASS = YES_ERROR;
				CLANG_WARN_QUOTED_INCLUDE_IN_FRAMEWORK_HEADER = YES;
				CLANG_WARN_RANGE_LOOP_ANALYSIS = YES;
				CLANG_WARN_STRICT_PROTOTYPES = YES;
				CLANG_WARN_SUSPICIOUS_MOVE = YES;
				CLANG_WARN_UNGUARDED_AVAILABILITY = YES_AGGRESSIVE;
				CLANG_WARN_UNREACHABLE_CODE = YES;
				CLANG_WARN__DUPLICATE_METHOD_MATCH = YES;
				COPY_PHASE_STRIP = NO;
				DEBUG_INFORMATION_FORMAT = "dwarf-with-dsym";
				ENABLE_NS_ASSERTIONS = NO;
				ENABLE_STRICT_OBJC_MSGSEND = YES;
				ENABLE_USER_SCRIPT_SANDBOXING = NO;
				GCC_C_LANGUAGE_STANDARD = gnu17;
				GCC_NO_COMMON_BLOCKS = YES;
				GCC_WARN_64_TO_32_BIT_CONVERSION = YES;
				GCC_WARN_ABOUT_RETURN_TYPE = YES_ERROR;
				GCC_WARN_UNDECLARED_SELECTOR = YES;
				GCC_WARN_UNINITIALIZED_AUTOS = YES_AGGRESSIVE;
				GCC_WARN_UNUSED_FUNCTION = YES;
				GCC_WARN_UNUSED_VARIABLE = YES;
				IPHONEOS_DEPLOYMENT_TARGET = 16.0;
				LOCALIZATION_PREFERS_STRING_CATALOGS = YES;
				MTL_ENABLE_DEBUG_INFO = NO;
				MTL_FAST_MATH = YES;
				SDKROOT = iphoneos;
				SWIFT_COMPILATION_MODE = wholemodule;
				VALIDATE_PRODUCT = YES;
			};
			name = Release;
		};
		4EA35ADA2BCD00600001508B /* Debug */ = {
			isa = XCBuildConfiguration;
			baseConfigurationReference = 5F528BB8266D3D3FCBADB28D /* Pods-PinforYou.debug.xcconfig */;
			buildSettings = {
				ASSETCATALOG_COMPILER_APPICON_NAME = AppIcon;
				ASSETCATALOG_COMPILER_GLOBAL_ACCENT_COLOR_NAME = AccentColor;
				CODE_SIGN_ENTITLEMENTS = PinforYou/PinforYou.entitlements;
				CODE_SIGN_IDENTITY = "Apple Development";
				CODE_SIGN_STYLE = Automatic;
				CURRENT_PROJECT_VERSION = 1;
				DEVELOPMENT_ASSET_PATHS = "\"PinforYou/Preview Content\"";
				DEVELOPMENT_TEAM = 2G2M8W77TR;
				ENABLE_PREVIEWS = YES;
				GENERATE_INFOPLIST_FILE = YES;
				INFOPLIST_FILE = PinforYou/Info.plist;
				INFOPLIST_KEY_NSLocationWhenInUseUsageDescription = "사용자의 위치를 기반으로 주변 가게 정보를 제공하기 위해 필요합니다.";
				INFOPLIST_KEY_UIApplicationSupportsIndirectInputEvents = YES;
				INFOPLIST_KEY_UILaunchStoryboardName = "Launch Screen.storyboard";
				INFOPLIST_KEY_UISupportedInterfaceOrientations_iPad = "UIInterfaceOrientationPortrait UIInterfaceOrientationPortraitUpsideDown UIInterfaceOrientationLandscapeLeft UIInterfaceOrientationLandscapeRight";
				INFOPLIST_KEY_UISupportedInterfaceOrientations_iPhone = "UIInterfaceOrientationPortrait UIInterfaceOrientationLandscapeLeft UIInterfaceOrientationLandscapeRight";
				LD_RUNPATH_SEARCH_PATHS = (
					"$(inherited)",
					"@executable_path/Frameworks",
				);
				MARKETING_VERSION = 1.0;
				PRODUCT_BUNDLE_IDENTIFIER = Jin.PinforYou;
				PRODUCT_NAME = "$(TARGET_NAME)";
				PROVISIONING_PROFILE_SPECIFIER = "";
				SWIFT_EMIT_LOC_STRINGS = YES;
				SWIFT_VERSION = 5.0;
				TARGETED_DEVICE_FAMILY = "1,2";
			};
			name = Debug;
		};
		4EA35ADB2BCD00600001508B /* Release */ = {
			isa = XCBuildConfiguration;
			baseConfigurationReference = 2A373425BA1055BA166363E8 /* Pods-PinforYou.release.xcconfig */;
			buildSettings = {
				ASSETCATALOG_COMPILER_APPICON_NAME = AppIcon;
				ASSETCATALOG_COMPILER_GLOBAL_ACCENT_COLOR_NAME = AccentColor;
				CODE_SIGN_ENTITLEMENTS = PinforYou/PinforYou.entitlements;
				CODE_SIGN_IDENTITY = "Apple Development";
				CODE_SIGN_STYLE = Automatic;
				CURRENT_PROJECT_VERSION = 1;
				DEVELOPMENT_ASSET_PATHS = "\"PinforYou/Preview Content\"";
				DEVELOPMENT_TEAM = 2G2M8W77TR;
				ENABLE_PREVIEWS = YES;
				GENERATE_INFOPLIST_FILE = YES;
				INFOPLIST_FILE = PinforYou/Info.plist;
				INFOPLIST_KEY_NSLocationWhenInUseUsageDescription = "사용자의 위치를 기반으로 주변 가게 정보를 제공하기 위해 필요합니다.";
				INFOPLIST_KEY_UIApplicationSupportsIndirectInputEvents = YES;
				INFOPLIST_KEY_UILaunchStoryboardName = "Launch Screen.storyboard";
				INFOPLIST_KEY_UISupportedInterfaceOrientations_iPad = "UIInterfaceOrientationPortrait UIInterfaceOrientationPortraitUpsideDown UIInterfaceOrientationLandscapeLeft UIInterfaceOrientationLandscapeRight";
				INFOPLIST_KEY_UISupportedInterfaceOrientations_iPhone = "UIInterfaceOrientationPortrait UIInterfaceOrientationLandscapeLeft UIInterfaceOrientationLandscapeRight";
				LD_RUNPATH_SEARCH_PATHS = (
					"$(inherited)",
					"@executable_path/Frameworks",
				);
				MARKETING_VERSION = 1.0;
				PRODUCT_BUNDLE_IDENTIFIER = Jin.PinforYou;
				PRODUCT_NAME = "$(TARGET_NAME)";
				PROVISIONING_PROFILE_SPECIFIER = "";
				SWIFT_EMIT_LOC_STRINGS = YES;
				SWIFT_VERSION = 5.0;
				TARGETED_DEVICE_FAMILY = "1,2";
			};
			name = Release;
		};
/* End XCBuildConfiguration section */

/* Begin XCConfigurationList section */
		4EA35AC62BCD005E0001508B /* Build configuration list for PBXProject "PinforYou" */ = {
			isa = XCConfigurationList;
			buildConfigurations = (
				4EA35AD72BCD00600001508B /* Debug */,
				4EA35AD82BCD00600001508B /* Release */,
			);
			defaultConfigurationIsVisible = 0;
			defaultConfigurationName = Release;
		};
		4EA35AD92BCD00600001508B /* Build configuration list for PBXNativeTarget "PinforYou" */ = {
			isa = XCConfigurationList;
			buildConfigurations = (
				4EA35ADA2BCD00600001508B /* Debug */,
				4EA35ADB2BCD00600001508B /* Release */,
			);
			defaultConfigurationIsVisible = 0;
			defaultConfigurationName = Release;
		};
/* End XCConfigurationList section */
	};
	rootObject = 4EA35AC32BCD005E0001508B /* Project object */;
}
